lockfileVersion: '9.0'

settings:
  autoInstallPeers: true
  excludeLinksFromLockfile: false

importers:

  .:
    dependencies:
      crypto-js:
        specifier: ^4.2.0
        version: 4.2.0
      hono:
        specifier: ^4.7.10
        version: 4.11.3
      zod:
        specifier: ^3.25.32
        version: 3.25.76
    devDependencies:
      '@cloudflare/workers-types':
        specifier: ^4.20250528.0
        version: 4.20251228.0
      '@types/crypto-js':
        specifier: ^4.2.2
        version: 4.2.2

packages:

  '@cloudflare/workers-types@4.20251228.0':
    resolution: {integrity: sha512-lzE1IjLn5TiStPD5+sGZsPSY9sSFSSIujOWb5f6JMnDWkyNzdZOaEVFvx0sw5ztaWWQjK22hjYW7rgb+OFscjg==}

  '@types/crypto-js@4.2.2':
    resolution: {integrity: sha512-sDOLlVbHhXpAUAL0YHDUUwDZf3iN4Bwi4W6a0W0b+QcAezUbRtH4FVb+9J4h+XFPW7l/gQ9F8qC7P+Ec4k8QVQ==}

  crypto-js@4.2.0:
    resolution: {integrity: sha512-KALDyEYgpY+Rlob/iriUtjV6d5Eq+Y191A5g4UqLAi8CyGP9N1+FdVbkc1SxKc2r4YAYqG8JzO2KGL+AizD70Q==}

  hono@4.11.3:
    resolution: {integrity: sha512-PmQi306+M/ct/m5s66Hrg+adPnkD5jiO6IjA7WhWw0gSBSo1EcRegwuI1deZ+wd5pzCGynCcn2DprnE4/yEV4w==}
    engines: {node: '>=16.9.0'}

  zod@3.25.76:
    resolution: {integrity: sha512-gzUt/qt81nXsFGKIFcC3YnfEAx5NkunCfnDlvuBSSFS02bcXu4Lmea0AFIUwbLWxWPx3d9p8S5QoaujKcNQxcQ==}

snapshots:

  '@cloudflare/workers-types@4.20251228.0': {}

  '@types/crypto-js@4.2.2': {}

  crypto-js@4.2.0: {}

  hono@4.11.3: {}

  zod@3.25.76: {}
